
Microsoft Visual Studio Solution File, Format Version 12.00
# Visual Studio Version 17
VisualStudioVersion = 17.7.34202.233
MinimumVisualStudioVersion = 10.0.40219.1
Project("{FAE04EC0-301F-11D3-BF4B-00C04F79EFBC}") = "BackEnd", "BackEnd.csproj", "{C4960E9B-E69B-4B9C-8889-3D027EC55E60}"
EndProject
Global
	GlobalSection(SolutionConfigurationPlatforms) = preSolution
		Debug|Any CPU = Debug|Any CPU
		Release|Any CPU = Release|Any CPU
	EndGlobalSection
	GlobalSection(ProjectConfigurationPlatforms) = postSolution
		{C4960E9B-E69B-4B9C-8889-3D027EC55E60}.Debug|Any CPU.ActiveCfg = Debug|Any CPU
		{C4960E9B-E69B-4B9C-8889-3D027EC55E60}.Debug|Any CPU.Build.0 = Debug|Any CPU
		{C4960E9B-E69B-4B9C-8889-3D027EC55E60}.Release|Any CPU.ActiveCfg = Release|Any CPU
		{C4960E9B-E69B-4B9C-8889-3D027EC55E60}.Release|Any CPU.Build.0 = Release|Any CPU
	EndGlobalSection
	GlobalSection(SolutionProperties) = preSolution
		HideSolutionNode = FALSE
	EndGlobalSection
	GlobalSection(ExtensibilityGlobals) = postSolution
		SolutionGuid = {54896DFE-912F-4203-849B-DE089B902F6E}
	EndGlobalSection
EndGlobal
